# This file is automatically @generated by Cargo.
# It is not intended for manual editing.
version = 4

[[package]]
name = "determinism-proto"
version = "0.1.0"

[[package]]
name = "orch-core"
version = "0.1.0"

[[package]]
name = "orch-driver"
version = "0.1.0"
dependencies = [
 "orch-core",
 "orch-proto",
]

[[package]]
name = "orch-proto"
version = "0.1.0"
dependencies = [
 "determinism-proto",
]
